
Microsoft Visual Studio Solution File, Format Version 12.00
# Visual Studio 15
VisualStudioVersion = 15.0.28307.1433
MinimumVisualStudioVersion = 10.0.40219.1
Project("{FAE04EC0-301F-11D3-BF4B-00C04F79EFBC}") = "ServicioComunicacion", "ServicioComunicacion\ServicioComunicacion.csproj", "{90570AF7-10F9-49D8-B6CD-FB7EBDB099FD}"
EndProject
Project("{FAE04EC0-301F-11D3-BF4B-00C04F79EFBC}") = "ServicioComunicacionModel", "ServicioComunicacionModel\ServicioComunicacionModel.csproj", "{C231B76B-43A1-4A64-BE94-0796CD48502F}"
EndProject
Project("{FAE04EC0-301F-11D3-BF4B-00C04F79EFBC}") = "ClienteComunicacion", "ClienteComunicacion\ClienteComunicacion.csproj", "{1E6D6562-078B-4F15-BBAF-56793D874995}"
EndProject
Global
	GlobalSection(SolutionConfigurationPlatforms) = preSolution
		Debug|Any CPU = Debug|Any CPU
		Release|Any CPU = Release|Any CPU
	EndGlobalSection
	GlobalSection(ProjectConfigurationPlatforms) = postSolution
		{90570AF7-10F9-49D8-B6CD-FB7EBDB099FD}.Debug|Any CPU.ActiveCfg = Debug|Any CPU
		{90570AF7-10F9-49D8-B6CD-FB7EBDB099FD}.Debug|Any CPU.Build.0 = Debug|Any CPU
		{90570AF7-10F9-49D8-B6CD-FB7EBDB099FD}.Release|Any CPU.ActiveCfg = Release|Any CPU
		{90570AF7-10F9-49D8-B6CD-FB7EBDB099FD}.Release|Any CPU.Build.0 = Release|Any CPU
		{C231B76B-43A1-4A64-BE94-0796CD48502F}.Debug|Any CPU.ActiveCfg = Debug|Any CPU
		{C231B76B-43A1-4A64-BE94-0796CD48502F}.Debug|Any CPU.Build.0 = Debug|Any CPU
		{C231B76B-43A1-4A64-BE94-0796CD48502F}.Release|Any CPU.ActiveCfg = Release|Any CPU
		{C231B76B-43A1-4A64-BE94-0796CD48502F}.Release|Any CPU.Build.0 = Release|Any CPU
		{1E6D6562-078B-4F15-BBAF-56793D874995}.Debug|Any CPU.ActiveCfg = Debug|Any CPU
		{1E6D6562-078B-4F15-BBAF-56793D874995}.Debug|Any CPU.Build.0 = Debug|Any CPU
		{1E6D6562-078B-4F15-BBAF-56793D874995}.Release|Any CPU.ActiveCfg = Release|Any CPU
		{1E6D6562-078B-4F15-BBAF-56793D874995}.Release|Any CPU.Build.0 = Release|Any CPU
	EndGlobalSection
	GlobalSection(SolutionProperties) = preSolution
		HideSolutionNode = FALSE
	EndGlobalSection
	GlobalSection(ExtensibilityGlobals) = postSolution
		SolutionGuid = {17377C31-315F-4AC7-8D59-2E4F93F4E3F7}
	EndGlobalSection
EndGlobal
